
Microsoft Visual Studio Solution File, Format Version 12.00
# Visual Studio Version 17
VisualStudioVersion = 17.3.32929.385
MinimumVisualStudioVersion = 10.0.40219.1
Project("{FAE04EC0-301F-11D3-BF4B-00C04F79EFBC}") = "GUI", "DoAn\GUI.csproj", "{161DC4AC-C831-4E56-8C9E-FF87DF341826}"
EndProject
Project("{FAE04EC0-301F-11D3-BF4B-00C04F79EFBC}") = "DTO", "DTO\DTO.csproj", "{BAE4A505-8E5E-4DAC-BA0E-75BDE377EDE5}"
EndProject
Project("{FAE04EC0-301F-11D3-BF4B-00C04F79EFBC}") = "DAL", "DAO\DAL.csproj", "{9203C4D0-D8F7-4A06-AECC-499361B7382B}"
EndProject
Project("{FAE04EC0-301F-11D3-BF4B-00C04F79EFBC}") = "Testtt", "Testtt\Testtt.csproj", "{B8015E84-180A-4F0B-9703-C0788CFAC931}"
EndProject
Project("{FAE04EC0-301F-11D3-BF4B-00C04F79EFBC}") = "BLL", "BLL\BLL.csproj", "{46078300-C69A-4935-AFD1-692A7F2BB7DD}"
EndProject
Global
	GlobalSection(SolutionConfigurationPlatforms) = preSolution
		Debug|Any CPU = Debug|Any CPU
		Release|Any CPU = Release|Any CPU
	EndGlobalSection
	GlobalSection(ProjectConfigurationPlatforms) = postSolution
		{161DC4AC-C831-4E56-8C9E-FF87DF341826}.Debug|Any CPU.ActiveCfg = Debug|Any CPU
		{161DC4AC-C831-4E56-8C9E-FF87DF341826}.Debug|Any CPU.Build.0 = Debug|Any CPU
		{161DC4AC-C831-4E56-8C9E-FF87DF341826}.Release|Any CPU.ActiveCfg = Release|Any CPU
		{161DC4AC-C831-4E56-8C9E-FF87DF341826}.Release|Any CPU.Build.0 = Release|Any CPU
		{BAE4A505-8E5E-4DAC-BA0E-75BDE377EDE5}.Debug|Any CPU.ActiveCfg = Debug|Any CPU
		{BAE4A505-8E5E-4DAC-BA0E-75BDE377EDE5}.Debug|Any CPU.Build.0 = Debug|Any CPU
		{BAE4A505-8E5E-4DAC-BA0E-75BDE377EDE5}.Release|Any CPU.ActiveCfg = Release|Any CPU
		{BAE4A505-8E5E-4DAC-BA0E-75BDE377EDE5}.Release|Any CPU.Build.0 = Release|Any CPU
		{9203C4D0-D8F7-4A06-AECC-499361B7382B}.Debug|Any CPU.ActiveCfg = Debug|Any CPU
		{9203C4D0-D8F7-4A06-AECC-499361B7382B}.Debug|Any CPU.Build.0 = Debug|Any CPU
		{9203C4D0-D8F7-4A06-AECC-499361B7382B}.Release|Any CPU.ActiveCfg = Release|Any CPU
		{9203C4D0-D8F7-4A06-AECC-499361B7382B}.Release|Any CPU.Build.0 = Release|Any CPU
		{B8015E84-180A-4F0B-9703-C0788CFAC931}.Debug|Any CPU.ActiveCfg = Debug|Any CPU
		{B8015E84-180A-4F0B-9703-C0788CFAC931}.Debug|Any CPU.Build.0 = Debug|Any CPU
		{B8015E84-180A-4F0B-9703-C0788CFAC931}.Release|Any CPU.ActiveCfg = Release|Any CPU
		{B8015E84-180A-4F0B-9703-C0788CFAC931}.Release|Any CPU.Build.0 = Release|Any CPU
		{46078300-C69A-4935-AFD1-692A7F2BB7DD}.Debug|Any CPU.ActiveCfg = Debug|Any CPU
		{46078300-C69A-4935-AFD1-692A7F2BB7DD}.Debug|Any CPU.Build.0 = Debug|Any CPU
		{46078300-C69A-4935-AFD1-692A7F2BB7DD}.Release|Any CPU.ActiveCfg = Release|Any CPU
		{46078300-C69A-4935-AFD1-692A7F2BB7DD}.Release|Any CPU.Build.0 = Release|Any CPU
	EndGlobalSection
	GlobalSection(SolutionProperties) = preSolution
		HideSolutionNode = FALSE
	EndGlobalSection
	GlobalSection(ExtensibilityGlobals) = postSolution
		SolutionGuid = {1195A894-2BF0-4BD8-8440-81CBED41DC54}
	EndGlobalSection
EndGlobal
